
Microsoft Visual Studio Solution File, Format Version 12.00
# Visual Studio Version 16
VisualStudioVersion = 16.0.30907.101
MinimumVisualStudioVersion = 10.0.40219.1
Project("{FAE04EC0-301F-11D3-BF4B-00C04F79EFBC}") = "Lifegame", "Lifegame.csproj", "{76417BB8-3326-4E62-9B7D-91B4DBCAB481}"
EndProject
Global
	GlobalSection(SolutionConfigurationPlatforms) = preSolution
		Debug|Any CPU = Debug|Any CPU
		Release|Any CPU = Release|Any CPU
	EndGlobalSection
	GlobalSection(ProjectConfigurationPlatforms) = postSolution
		{76417BB8-3326-4E62-9B7D-91B4DBCAB481}.Debug|Any CPU.ActiveCfg = Debug|Any CPU
		{76417BB8-3326-4E62-9B7D-91B4DBCAB481}.Debug|Any CPU.Build.0 = Debug|Any CPU
		{76417BB8-3326-4E62-9B7D-91B4DBCAB481}.Release|Any CPU.ActiveCfg = Release|Any CPU
		{76417BB8-3326-4E62-9B7D-91B4DBCAB481}.Release|Any CPU.Build.0 = Release|Any CPU
	EndGlobalSection
	GlobalSection(SolutionProperties) = preSolution
		HideSolutionNode = FALSE
	EndGlobalSection
	GlobalSection(ExtensibilityGlobals) = postSolution
		SolutionGuid = {D5912B3F-E591-4D24-9481-46C126DA0504}
	EndGlobalSection
EndGlobal
